PODS:
  - ActiveLabel (1.1.0)
  - Alamofire (5.6.2)
  - Gifu (3.3.1)
  - IQKeyboardManagerSwift (6.5.10)
  - Schedule (2.1.0)
  - SnapKit (5.6.0)
  - SVProgressHUD (2.2.5)
  - SwiftyRSA (1.7.0):
    - SwiftyRSA/ObjC (= 1.7.0)
  - SwiftyRSA/ObjC (1.7.0)
  - SwipeCellKit (2.7.1)

DEPENDENCIES:
  - ActiveLabel
  - Alamofire
  - Gifu
  - IQKeyboardManagerSwift
  - Schedule
  - SnapKit
  - SVProgressHUD
  - SwiftyRSA
  - SwipeCellKit

SPEC REPOS:
  trunk:
    - ActiveLabel
    - Alamofire
    - Gifu
    - IQKeyboardManagerSwift
    - Schedule
    - SnapKit
    - SVProgressHUD
    - SwiftyRSA
    - SwipeCellKit

SPEC CHECKSUMS:
  ActiveLabel: 5e3f4de79a1952d4604b845a0610d4776e4b82b3
  Alamofire: d368e1ff8a298e6dde360e35a3e68e6c610e7204
  Gifu: 416d4e38c4c2fed012f019e0a1d3ffcb58e5b842
  IQKeyboardManagerSwift: 52962c76ab33532f15ad9f3ff4e5715eda5335bb
  Schedule: 00e6d7bbdbdb000fd1f51a7d10e9f88a8c451fda
  SnapKit: e01d52ebb8ddbc333eefe2132acf85c8227d9c25
  SVProgressHUD: 1428aafac632c1f86f62aa4243ec12008d7a51d6
  SwiftyRSA: 8c6dd1ea7db1b8dc4fb517a202f88bb1354bc2c6
  SwipeCellKit: 3972254a826da74609926daf59b08d6c72e619ea

PODFILE CHECKSUM: 09194b19a044965740a353e406733044df3b0e25

COCOAPODS: 1.11.3
