// !$*UTF8*$!
{
	archiveVersion = 1;
	classes = {
	};
	objectVersion = 55;
	objects = {

/* Begin PBXBuildFile section */
		040BCE622848942500C43958 /* BeldexWalletWrapper.mm in Sources */ = {isa = PBXBuildFile; fileRef = 040BCE612848942500C43958 /* BeldexWalletWrapper.mm */; };
		040BCE6728489DAA00C43958 /* CreateWalletViewController.swift in Sources */ = {isa = PBXBuildFile; fileRef = 040BCE6628489DAA00C43958 /* CreateWalletViewController.swift */; };
		040BCE6A28489E5700C43958 /* ImportWalletViewController.swift in Sources */ = {isa = PBXBuildFile; fileRef = 040BCE6928489E5700C43958 /* ImportWalletViewController.swift */; };
		040BCE6E2848A0AE00C43958 /* Wallet.swift in Sources */ = {isa = PBXBuildFile; fileRef = 040BCE6D2848A0AE00C43958 /* Wallet.swift */; };
		040BCE712848A2B500C43958 /* WalletService.swift in Sources */ = {isa = PBXBuildFile; fileRef = 040BCE702848A2B500C43958 /* WalletService.swift */; };
		040BCE742848A3EA00C43958 /* BeldexWallet.swift in Sources */ = {isa = PBXBuildFile; fileRef = 040BCE732848A3EA00C43958 /* BeldexWallet.swift */; };
		040BCE762848A5E600C43958 /* BeldexWalletBuilder.swift in Sources */ = {isa = PBXBuildFile; fileRef = 040BCE752848A5E600C43958 /* BeldexWalletBuilder.swift */; };
		044C62F92848B36700A76C2E /* Seed.swift in Sources */ = {isa = PBXBuildFile; fileRef = 044C62F82848B36700A76C2E /* Seed.swift */; };
		044C62FB2848B61A00A76C2E /* WelcomeVC.swift in Sources */ = {isa = PBXBuildFile; fileRef = 044C62FA2848B61A00A76C2E /* WelcomeVC.swift */; };
		044C62FF2848C61800A76C2E /* Date + Ext.swift in Sources */ = {isa = PBXBuildFile; fileRef = 044C62FE2848C61800A76C2E /* Date + Ext.swift */; };
		044C63012848C7F300A76C2E /* Keys.swift in Sources */ = {isa = PBXBuildFile; fileRef = 044C63002848C7F300A76C2E /* Keys.swift */; };
		0460748628488F7A00D2AF54 /* AppDelegate.swift in Sources */ = {isa = PBXBuildFile; fileRef = 0460748528488F7A00D2AF54 /* AppDelegate.swift */; };
		0460748828488F7A00D2AF54 /* SceneDelegate.swift in Sources */ = {isa = PBXBuildFile; fileRef = 0460748728488F7A00D2AF54 /* SceneDelegate.swift */; };
		0460748A28488F7A00D2AF54 /* ViewController.swift in Sources */ = {isa = PBXBuildFile; fileRef = 0460748928488F7A00D2AF54 /* ViewController.swift */; };
		0460748D28488F7A00D2AF54 /* Main.storyboard in Resources */ = {isa = PBXBuildFile; fileRef = 0460748B28488F7A00D2AF54 /* Main.storyboard */; };
		0460748F28488F7B00D2AF54 /* Assets.xcassets in Resources */ = {isa = PBXBuildFile; fileRef = 0460748E28488F7B00D2AF54 /* Assets.xcassets */; };
		0460749228488F7B00D2AF54 /* LaunchScreen.storyboard in Resources */ = {isa = PBXBuildFile; fileRef = 0460749028488F7B00D2AF54 /* LaunchScreen.storyboard */; };
		0460749D28488F7C00D2AF54 /* beldex_ios_walletTests.swift in Sources */ = {isa = PBXBuildFile; fileRef = 0460749C28488F7C00D2AF54 /* beldex_ios_walletTests.swift */; };
		046074A728488F7C00D2AF54 /* beldex_ios_walletUITests.swift in Sources */ = {isa = PBXBuildFile; fileRef = 046074A628488F7C00D2AF54 /* beldex_ios_walletUITests.swift */; };
		046074A928488F7C00D2AF54 /* beldex_ios_walletUITestsLaunchTests.swift in Sources */ = {isa = PBXBuildFile; fileRef = 046074A828488F7C00D2AF54 /* beldex_ios_walletUITestsLaunchTests.swift */; };
		046074B7284891AB00D2AF54 /* libwallet_api.a in Frameworks */ = {isa = PBXBuildFile; fileRef = 046074B6284891AB00D2AF54 /* libwallet_api.a */; };
/* End PBXBuildFile section */

/* Begin PBXContainerItemProxy section */
		0460749928488F7C00D2AF54 /* PBXContainerItemProxy */ = {
			isa = PBXContainerItemProxy;
			containerPortal = 0460747A28488F7A00D2AF54 /* Project object */;
			proxyType = 1;
			remoteGlobalIDString = 0460748128488F7A00D2AF54;
			remoteInfo = "beldex-ios-wallet";
		};
		046074A328488F7C00D2AF54 /* PBXContainerItemProxy */ = {
			isa = PBXContainerItemProxy;
			containerPortal = 0460747A28488F7A00D2AF54 /* Project object */;
			proxyType = 1;
			remoteGlobalIDString = 0460748128488F7A00D2AF54;
			remoteInfo = "beldex-ios-wallet";
		};
/* End PBXContainerItemProxy section */

/* Begin PBXFileReference section */
		040BCE602848942400C43958 /* beldex-ios-wallet-Bridging-Header.h */ = {isa = PBXFileReference; lastKnownFileType = sourcecode.c.h; path = "beldex-ios-wallet-Bridging-Header.h"; sourceTree = "<group>"; };
		040BCE612848942500C43958 /* BeldexWalletWrapper.mm */ = {isa = PBXFileReference; lastKnownFileType = sourcecode.cpp.objcpp; path = BeldexWalletWrapper.mm; sourceTree = "<group>"; };
		040BCE632848949600C43958 /* BeldexWalletWrapper.h */ = {isa = PBXFileReference; lastKnownFileType = sourcecode.c.h; path = BeldexWalletWrapper.h; sourceTree = "<group>"; };
		040BCE6628489DAA00C43958 /* CreateWalletViewController.swift */ = {isa = PBXFileReference; lastKnownFileType = sourcecode.swift; path = CreateWalletViewController.swift; sourceTree = "<group>"; };
		040BCE6928489E5700C43958 /* ImportWalletViewController.swift */ = {isa = PBXFileReference; lastKnownFileType = sourcecode.swift; path = ImportWalletViewController.swift; sourceTree = "<group>"; };
		040BCE6D2848A0AE00C43958 /* Wallet.swift */ = {isa = PBXFileReference; lastKnownFileType = sourcecode.swift; path = Wallet.swift; sourceTree = "<group>"; };
		040BCE702848A2B500C43958 /* WalletService.swift */ = {isa = PBXFileReference; lastKnownFileType = sourcecode.swift; path = WalletService.swift; sourceTree = "<group>"; };
		040BCE732848A3EA00C43958 /* BeldexWallet.swift */ = {isa = PBXFileReference; lastKnownFileType = sourcecode.swift; path = BeldexWallet.swift; sourceTree = "<group>"; };
		040BCE752848A5E600C43958 /* BeldexWalletBuilder.swift */ = {isa = PBXFileReference; lastKnownFileType = sourcecode.swift; path = BeldexWalletBuilder.swift; sourceTree = "<group>"; };
		044C62F82848B36700A76C2E /* Seed.swift */ = {isa = PBXFileReference; lastKnownFileType = sourcecode.swift; path = Seed.swift; sourceTree = "<group>"; };
		044C62FA2848B61A00A76C2E /* WelcomeVC.swift */ = {isa = PBXFileReference; lastKnownFileType = sourcecode.swift; path = WelcomeVC.swift; sourceTree = "<group>"; };
		044C62FE2848C61800A76C2E /* Date + Ext.swift */ = {isa = PBXFileReference; lastKnownFileType = sourcecode.swift; path = "Date + Ext.swift"; sourceTree = "<group>"; };
		044C63002848C7F300A76C2E /* Keys.swift */ = {isa = PBXFileReference; lastKnownFileType = sourcecode.swift; path = Keys.swift; sourceTree = "<group>"; };
		0460748228488F7A00D2AF54 /* beldex-ios-wallet.app */ = {isa = PBXFileReference; explicitFileType = wrapper.application; includeInIndex = 0; path = "beldex-ios-wallet.app"; sourceTree = BUILT_PRODUCTS_DIR; };
		0460748528488F7A00D2AF54 /* AppDelegate.swift */ = {isa = PBXFileReference; lastKnownFileType = sourcecode.swift; path = AppDelegate.swift; sourceTree = "<group>"; };
		0460748728488F7A00D2AF54 /* SceneDelegate.swift */ = {isa = PBXFileReference; lastKnownFileType = sourcecode.swift; path = SceneDelegate.swift; sourceTree = "<group>"; };
		0460748928488F7A00D2AF54 /* ViewController.swift */ = {isa = PBXFileReference; lastKnownFileType = sourcecode.swift; path = ViewController.swift; sourceTree = "<group>"; };
		0460748C28488F7A00D2AF54 /* Base */ = {isa = PBXFileReference; lastKnownFileType = file.storyboard; name = Base; path = Base.lproj/Main.storyboard; sourceTree = "<group>"; };
		0460748E28488F7B00D2AF54 /* Assets.xcassets */ = {isa = PBXFileReference; lastKnownFileType = folder.assetcatalog; path = Assets.xcassets; sourceTree = "<group>"; };
		0460749128488F7B00D2AF54 /* Base */ = {isa = PBXFileReference; lastKnownFileType = file.storyboard; name = Base; path = Base.lproj/LaunchScreen.storyboard; sourceTree = "<group>"; };
		0460749328488F7B00D2AF54 /* Info.plist */ = {isa = PBXFileReference; lastKnownFileType = text.plist.xml; path = Info.plist; sourceTree = "<group>"; };
		0460749828488F7C00D2AF54 /* beldex-ios-walletTests.xctest */ = {isa = PBXFileReference; explicitFileType = wrapper.cfbundle; includeInIndex = 0; path = "beldex-ios-walletTests.xctest"; sourceTree = BUILT_PRODUCTS_DIR; };
		0460749C28488F7C00D2AF54 /* beldex_ios_walletTests.swift */ = {isa = PBXFileReference; lastKnownFileType = sourcecode.swift; path = beldex_ios_walletTests.swift; sourceTree = "<group>"; };
		046074A228488F7C00D2AF54 /* beldex-ios-walletUITests.xctest */ = {isa = PBXFileReference; explicitFileType = wrapper.cfbundle; includeInIndex = 0; path = "beldex-ios-walletUITests.xctest"; sourceTree = BUILT_PRODUCTS_DIR; };
		046074A628488F7C00D2AF54 /* beldex_ios_walletUITests.swift */ = {isa = PBXFileReference; lastKnownFileType = sourcecode.swift; path = beldex_ios_walletUITests.swift; sourceTree = "<group>"; };
		046074A828488F7C00D2AF54 /* beldex_ios_walletUITestsLaunchTests.swift */ = {isa = PBXFileReference; lastKnownFileType = sourcecode.swift; path = beldex_ios_walletUITestsLaunchTests.swift; sourceTree = "<group>"; };
		046074B6284891AB00D2AF54 /* libwallet_api.a */ = {isa = PBXFileReference; lastKnownFileType = archive.ar; path = libwallet_api.a; sourceTree = "<group>"; };
		046074B9284891E000D2AF54 /* wallet2_api.h */ = {isa = PBXFileReference; fileEncoding = 4; lastKnownFileType = sourcecode.c.h; path = wallet2_api.h; sourceTree = "<group>"; };
		046074BC284892A800D2AF54 /* BeldexConfig.h */ = {isa = PBXFileReference; lastKnownFileType = sourcecode.c.h; path = BeldexConfig.h; sourceTree = "<group>"; };
/* End PBXFileReference section */

/* Begin PBXFrameworksBuildPhase section */
		0460747F28488F7A00D2AF54 /* Frameworks */ = {
			isa = PBXFrameworksBuildPhase;
			buildActionMask = 2147483647;
			files = (
				046074B7284891AB00D2AF54 /* libwallet_api.a in Frameworks */,
			);
			runOnlyForDeploymentPostprocessing = 0;
		};
		0460749528488F7C00D2AF54 /* Frameworks */ = {
			isa = PBXFrameworksBuildPhase;
			buildActionMask = 2147483647;
			files = (
			);
			runOnlyForDeploymentPostprocessing = 0;
		};
		0460749F28488F7C00D2AF54 /* Frameworks */ = {
			isa = PBXFrameworksBuildPhase;
			buildActionMask = 2147483647;
			files = (
			);
			runOnlyForDeploymentPostprocessing = 0;
		};
/* End PBXFrameworksBuildPhase section */

/* Begin PBXGroup section */
		040BCE6828489DB000C43958 /* Modules */ = {
			isa = PBXGroup;
			children = (
				040BCE6F2848A28800C43958 /* Services */,
				040BCE6B28489E6500C43958 /* Add Wallet */,
			);
			path = Modules;
			sourceTree = "<group>";
		};
		040BCE6B28489E6500C43958 /* Add Wallet */ = {
			isa = PBXGroup;
			children = (
				040BCE6C2848A06100C43958 /* Models */,
				040BCE6928489E5700C43958 /* ImportWalletViewController.swift */,
				040BCE6628489DAA00C43958 /* CreateWalletViewController.swift */,
				044C62FA2848B61A00A76C2E /* WelcomeVC.swift */,
			);
			path = "Add Wallet";
			sourceTree = "<group>";
		};
		040BCE6C2848A06100C43958 /* Models */ = {
			isa = PBXGroup;
			children = (
				040BCE6D2848A0AE00C43958 /* Wallet.swift */,
			);
			path = Models;
			sourceTree = "<group>";
		};
		040BCE6F2848A28800C43958 /* Services */ = {
			isa = PBXGroup;
			children = (
				040BCE702848A2B500C43958 /* WalletService.swift */,
			);
			path = Services;
			sourceTree = "<group>";
		};
		040BCE722848A3C100C43958 /* Wallet */ = {
			isa = PBXGroup;
			children = (
				044C62F72848B34E00A76C2E /* Utils */,
				040BCE732848A3EA00C43958 /* BeldexWallet.swift */,
				040BCE752848A5E600C43958 /* BeldexWalletBuilder.swift */,
			);
			path = Wallet;
			sourceTree = "<group>";
		};
		044C62F72848B34E00A76C2E /* Utils */ = {
			isa = PBXGroup;
			children = (
				044C62F82848B36700A76C2E /* Seed.swift */,
				044C63002848C7F300A76C2E /* Keys.swift */,
			);
			path = Utils;
			sourceTree = "<group>";
		};
		044C62FD2848C60000A76C2E /* Extension */ = {
			isa = PBXGroup;
			children = (
				044C62FE2848C61800A76C2E /* Date + Ext.swift */,
			);
			path = Extension;
			sourceTree = "<group>";
		};
		0460747928488F7A00D2AF54 = {
			isa = PBXGroup;
			children = (
				0460748428488F7A00D2AF54 /* beldex-ios-wallet */,
				0460749B28488F7C00D2AF54 /* beldex-ios-walletTests */,
				046074A528488F7C00D2AF54 /* beldex-ios-walletUITests */,
				0460748328488F7A00D2AF54 /* Products */,
			);
			sourceTree = "<group>";
		};
		0460748328488F7A00D2AF54 /* Products */ = {
			isa = PBXGroup;
			children = (
				0460748228488F7A00D2AF54 /* beldex-ios-wallet.app */,
				0460749828488F7C00D2AF54 /* beldex-ios-walletTests.xctest */,
				046074A228488F7C00D2AF54 /* beldex-ios-walletUITests.xctest */,
			);
			name = Products;
			sourceTree = "<group>";
		};
		0460748428488F7A00D2AF54 /* beldex-ios-wallet */ = {
			isa = PBXGroup;
			children = (
				044C62FD2848C60000A76C2E /* Extension */,
				040BCE6828489DB000C43958 /* Modules */,
				046074BB2848925A00D2AF54 /* Resources */,
				046074B52848918400D2AF54 /* Libs */,
				0460748528488F7A00D2AF54 /* AppDelegate.swift */,
				0460748728488F7A00D2AF54 /* SceneDelegate.swift */,
				0460748928488F7A00D2AF54 /* ViewController.swift */,
				0460748B28488F7A00D2AF54 /* Main.storyboard */,
				0460748E28488F7B00D2AF54 /* Assets.xcassets */,
				0460749028488F7B00D2AF54 /* LaunchScreen.storyboard */,
				0460749328488F7B00D2AF54 /* Info.plist */,
			);
			path = "beldex-ios-wallet";
			sourceTree = "<group>";
		};
		0460749B28488F7C00D2AF54 /* beldex-ios-walletTests */ = {
			isa = PBXGroup;
			children = (
				0460749C28488F7C00D2AF54 /* beldex_ios_walletTests.swift */,
			);
			path = "beldex-ios-walletTests";
			sourceTree = "<group>";
		};
		046074A528488F7C00D2AF54 /* beldex-ios-walletUITests */ = {
			isa = PBXGroup;
			children = (
				046074A628488F7C00D2AF54 /* beldex_ios_walletUITests.swift */,
				046074A828488F7C00D2AF54 /* beldex_ios_walletUITestsLaunchTests.swift */,
			);
			path = "beldex-ios-walletUITests";
			sourceTree = "<group>";
		};
		046074B52848918400D2AF54 /* Libs */ = {
			isa = PBXGroup;
			children = (
				040BCE722848A3C100C43958 /* Wallet */,
				046074BA2848921E00D2AF54 /* cppbridge */,
				046074B8284891BA00D2AF54 /* include */,
				046074B6284891AB00D2AF54 /* libwallet_api.a */,
			);
			path = Libs;
			sourceTree = "<group>";
		};
		046074B8284891BA00D2AF54 /* include */ = {
			isa = PBXGroup;
			children = (
				046074B9284891E000D2AF54 /* wallet2_api.h */,
			);
			path = include;
			sourceTree = "<group>";
		};
		046074BA2848921E00D2AF54 /* cppbridge */ = {
			isa = PBXGroup;
			children = (
				040BCE602848942400C43958 /* beldex-ios-wallet-Bridging-Header.h */,
				046074BC284892A800D2AF54 /* BeldexConfig.h */,
				040BCE612848942500C43958 /* BeldexWalletWrapper.mm */,
				040BCE632848949600C43958 /* BeldexWalletWrapper.h */,
			);
			path = cppbridge;
			sourceTree = "<group>";
		};
		046074BB2848925A00D2AF54 /* Resources */ = {
			isa = PBXGroup;
			children = (
			);
			path = Resources;
			sourceTree = "<group>";
		};
/* End PBXGroup section */

/* Begin PBXNativeTarget section */
		0460748128488F7A00D2AF54 /* beldex-ios-wallet */ = {
			isa = PBXNativeTarget;
			buildConfigurationList = 046074AC28488F7C00D2AF54 /* Build configuration list for PBXNativeTarget "beldex-ios-wallet" */;
			buildPhases = (
				0460747E28488F7A00D2AF54 /* Sources */,
				0460747F28488F7A00D2AF54 /* Frameworks */,
				0460748028488F7A00D2AF54 /* Resources */,
			);
			buildRules = (
			);
			dependencies = (
			);
			name = "beldex-ios-wallet";
			productName = "beldex-ios-wallet";
			productReference = 0460748228488F7A00D2AF54 /* beldex-ios-wallet.app */;
			productType = "com.apple.product-type.application";
		};
		0460749728488F7C00D2AF54 /* beldex-ios-walletTests */ = {
			isa = PBXNativeTarget;
			buildConfigurationList = 046074AF28488F7C00D2AF54 /* Build configuration list for PBXNativeTarget "beldex-ios-walletTests" */;
			buildPhases = (
				0460749428488F7C00D2AF54 /* Sources */,
				0460749528488F7C00D2AF54 /* Frameworks */,
				0460749628488F7C00D2AF54 /* Resources */,
			);
			buildRules = (
			);
			dependencies = (
				0460749A28488F7C00D2AF54 /* PBXTargetDependency */,
			);
			name = "beldex-ios-walletTests";
			productName = "beldex-ios-walletTests";
			productReference = 0460749828488F7C00D2AF54 /* beldex-ios-walletTests.xctest */;
			productType = "com.apple.product-type.bundle.unit-test";
		};
		046074A128488F7C00D2AF54 /* beldex-ios-walletUITests */ = {
			isa = PBXNativeTarget;
			buildConfigurationList = 046074B228488F7C00D2AF54 /* Build configuration list for PBXNativeTarget "beldex-ios-walletUITests" */;
			buildPhases = (
				0460749E28488F7C00D2AF54 /* Sources */,
				0460749F28488F7C00D2AF54 /* Frameworks */,
				046074A028488F7C00D2AF54 /* Resources */,
			);
			buildRules = (
			);
			dependencies = (
				046074A428488F7C00D2AF54 /* PBXTargetDependency */,
			);
			name = "beldex-ios-walletUITests";
			productName = "beldex-ios-walletUITests";
			productReference = 046074A228488F7C00D2AF54 /* beldex-ios-walletUITests.xctest */;
			productType = "com.apple.product-type.bundle.ui-testing";
		};
/* End PBXNativeTarget section */

/* Begin PBXProject section */
		0460747A28488F7A00D2AF54 /* Project object */ = {
			isa = PBXProject;
			attributes = {
				BuildIndependentTargetsInParallel = 1;
				LastSwiftUpdateCheck = 1340;
				LastUpgradeCheck = 1340;
				TargetAttributes = {
					0460748128488F7A00D2AF54 = {
						CreatedOnToolsVersion = 13.4;
						LastSwiftMigration = 1340;
					};
					0460749728488F7C00D2AF54 = {
						CreatedOnToolsVersion = 13.4;
						TestTargetID = 0460748128488F7A00D2AF54;
					};
					046074A128488F7C00D2AF54 = {
						CreatedOnToolsVersion = 13.4;
						TestTargetID = 0460748128488F7A00D2AF54;
					};
				};
			};
			buildConfigurationList = 0460747D28488F7A00D2AF54 /* Build configuration list for PBXProject "beldex-ios-wallet" */;
			compatibilityVersion = "Xcode 13.0";
			developmentRegion = en;
			hasScannedForEncodings = 0;
			knownRegions = (
				en,
				Base,
			);
			mainGroup = 0460747928488F7A00D2AF54;
			productRefGroup = 0460748328488F7A00D2AF54 /* Products */;
			projectDirPath = "";
			projectRoot = "";
			targets = (
				0460748128488F7A00D2AF54 /* beldex-ios-wallet */,
				0460749728488F7C00D2AF54 /* beldex-ios-walletTests */,
				046074A128488F7C00D2AF54 /* beldex-ios-walletUITests */,
			);
		};
/* End PBXProject section */

/* Begin PBXResourcesBuildPhase section */
		0460748028488F7A00D2AF54 /* Resources */ = {
			isa = PBXResourcesBuildPhase;
			buildActionMask = 2147483647;
			files = (
				0460749228488F7B00D2AF54 /* LaunchScreen.storyboard in Resources */,
				0460748F28488F7B00D2AF54 /* Assets.xcassets in Resources */,
				0460748D28488F7A00D2AF54 /* Main.storyboard in Resources */,
			);
			runOnlyForDeploymentPostprocessing = 0;
		};
		0460749628488F7C00D2AF54 /* Resources */ = {
			isa = PBXResourcesBuildPhase;
			buildActionMask = 2147483647;
			files = (
			);
			runOnlyForDeploymentPostprocessing = 0;
		};
		046074A028488F7C00D2AF54 /* Resources */ = {
			isa = PBXResourcesBuildPhase;
			buildActionMask = 2147483647;
			files = (
			);
			runOnlyForDeploymentPostprocessing = 0;
		};
/* End PBXResourcesBuildPhase section */

/* Begin PBXSourcesBuildPhase section */
		0460747E28488F7A00D2AF54 /* Sources */ = {
			isa = PBXSourcesBuildPhase;
			buildActionMask = 2147483647;
			files = (
				040BCE762848A5E600C43958 /* BeldexWalletBuilder.swift in Sources */,
				040BCE712848A2B500C43958 /* WalletService.swift in Sources */,
				040BCE6A28489E5700C43958 /* ImportWalletViewController.swift in Sources */,
				044C62FB2848B61A00A76C2E /* WelcomeVC.swift in Sources */,
				040BCE6E2848A0AE00C43958 /* Wallet.swift in Sources */,
				044C62FF2848C61800A76C2E /* Date + Ext.swift in Sources */,
				040BCE6728489DAA00C43958 /* CreateWalletViewController.swift in Sources */,
				0460748A28488F7A00D2AF54 /* ViewController.swift in Sources */,
				0460748628488F7A00D2AF54 /* AppDelegate.swift in Sources */,
				040BCE622848942500C43958 /* BeldexWalletWrapper.mm in Sources */,
				040BCE742848A3EA00C43958 /* BeldexWallet.swift in Sources */,
				044C63012848C7F300A76C2E /* Keys.swift in Sources */,
				0460748828488F7A00D2AF54 /* SceneDelegate.swift in Sources */,
				044C62F92848B36700A76C2E /* Seed.swift in Sources */,
			);
			runOnlyForDeploymentPostprocessing = 0;
		};
		0460749428488F7C00D2AF54 /* Sources */ = {
			isa = PBXSourcesBuildPhase;
			buildActionMask = 2147483647;
			files = (
				0460749D28488F7C00D2AF54 /* beldex_ios_walletTests.swift in Sources */,
			);
			runOnlyForDeploymentPostprocessing = 0;
		};
		0460749E28488F7C00D2AF54 /* Sources */ = {
			isa = PBXSourcesBuildPhase;
			buildActionMask = 2147483647;
			files = (
				046074A728488F7C00D2AF54 /* beldex_ios_walletUITests.swift in Sources */,
				046074A928488F7C00D2AF54 /* beldex_ios_walletUITestsLaunchTests.swift in Sources */,
			);
			runOnlyForDeploymentPostprocessing = 0;
		};
/* End PBXSourcesBuildPhase section */

/* Begin PBXTargetDependency section */
		0460749A28488F7C00D2AF54 /* PBXTargetDependency */ = {
			isa = PBXTargetDependency;
			target = 0460748128488F7A00D2AF54 /* beldex-ios-wallet */;
			targetProxy = 0460749928488F7C00D2AF54 /* PBXContainerItemProxy */;
		};
		046074A428488F7C00D2AF54 /* PBXTargetDependency */ = {
			isa = PBXTargetDependency;
			target = 0460748128488F7A00D2AF54 /* beldex-ios-wallet */;
			targetProxy = 046074A328488F7C00D2AF54 /* PBXContainerItemProxy */;
		};
/* End PBXTargetDependency section */

/* Begin PBXVariantGroup section */
		0460748B28488F7A00D2AF54 /* Main.storyboard */ = {
			isa = PBXVariantGroup;
			children = (
				0460748C28488F7A00D2AF54 /* Base */,
			);
			name = Main.storyboard;
			sourceTree = "<group>";
		};
		0460749028488F7B00D2AF54 /* LaunchScreen.storyboard */ = {
			isa = PBXVariantGroup;
			children = (
				0460749128488F7B00D2AF54 /* Base */,
			);
			name = LaunchScreen.storyboard;
			sourceTree = "<group>";
		};
/* End PBXVariantGroup section */

/* Begin XCBuildConfiguration section */
		046074AA28488F7C00D2AF54 /* Debug */ = {
			isa = XCBuildConfiguration;
			buildSettings = {
				ALWAYS_SEARCH_USER_PATHS = NO;
				CLANG_ANALYZER_NONNULL = YES;
				CLANG_ANALYZER_NUMBER_OBJECT_CONVERSION = YES_AGGRESSIVE;
				CLANG_CXX_LANGUAGE_STANDARD = "gnu++17";
				CLANG_ENABLE_MODULES = YES;
				CLANG_ENABLE_OBJC_ARC = YES;
				CLANG_ENABLE_OBJC_WEAK = YES;
				CLANG_WARN_BLOCK_CAPTURE_AUTORELEASING = YES;
				CLANG_WARN_BOOL_CONVERSION = YES;
				CLANG_WARN_COMMA = YES;
				CLANG_WARN_CONSTANT_CONVERSION = YES;
				CLANG_WARN_DEPRECATED_OBJC_IMPLEMENTATIONS = YES;
				CLANG_WARN_DIRECT_OBJC_ISA_USAGE = YES_ERROR;
				CLANG_WARN_DOCUMENTATION_COMMENTS = YES;
				CLANG_WARN_EMPTY_BODY = YES;
				CLANG_WARN_ENUM_CONVERSION = YES;
				CLANG_WARN_INFINITE_RECURSION = YES;
				CLANG_WARN_INT_CONVERSION = YES;
				CLANG_WARN_NON_LITERAL_NULL_CONVERSION = YES;
				CLANG_WARN_OBJC_IMPLICIT_RETAIN_SELF = YES;
				CLANG_WARN_OBJC_LITERAL_CONVERSION = YES;
				CLANG_WARN_OBJC_ROOT_CLASS = YES_ERROR;
				CLANG_WARN_QUOTED_INCLUDE_IN_FRAMEWORK_HEADER = YES;
				CLANG_WARN_RANGE_LOOP_ANALYSIS = YES;
				CLANG_WARN_STRICT_PROTOTYPES = YES;
				CLANG_WARN_SUSPICIOUS_MOVE = YES;
				CLANG_WARN_UNGUARDED_AVAILABILITY = YES_AGGRESSIVE;
				CLANG_WARN_UNREACHABLE_CODE = YES;
				CLANG_WARN__DUPLICATE_METHOD_MATCH = YES;
				COPY_PHASE_STRIP = NO;
				DEBUG_INFORMATION_FORMAT = dwarf;
				ENABLE_STRICT_OBJC_MSGSEND = YES;
				ENABLE_TESTABILITY = YES;
				GCC_C_LANGUAGE_STANDARD = gnu11;
				GCC_DYNAMIC_NO_PIC = NO;
				GCC_NO_COMMON_BLOCKS = YES;
				GCC_OPTIMIZATION_LEVEL = 0;
				GCC_PREPROCESSOR_DEFINITIONS = (
					"DEBUG=1",
					"$(inherited)",
				);
				GCC_WARN_64_TO_32_BIT_CONVERSION = YES;
				GCC_WARN_ABOUT_RETURN_TYPE = YES_ERROR;
				GCC_WARN_UNDECLARED_SELECTOR = YES;
				GCC_WARN_UNINITIALIZED_AUTOS = YES_AGGRESSIVE;
				GCC_WARN_UNUSED_FUNCTION = YES;
				GCC_WARN_UNUSED_VARIABLE = YES;
				IPHONEOS_DEPLOYMENT_TARGET = 15.5;
				MTL_ENABLE_DEBUG_INFO = INCLUDE_SOURCE;
				MTL_FAST_MATH = YES;
				ONLY_ACTIVE_ARCH = YES;
				SDKROOT = iphoneos;
				SWIFT_ACTIVE_COMPILATION_CONDITIONS = DEBUG;
				SWIFT_OPTIMIZATION_LEVEL = "-Onone";
			};
			name = Debug;
		};
		046074AB28488F7C00D2AF54 /* Release */ = {
			isa = XCBuildConfiguration;
			buildSettings = {
				ALWAYS_SEARCH_USER_PATHS = NO;
				CLANG_ANALYZER_NONNULL = YES;
				CLANG_ANALYZER_NUMBER_OBJECT_CONVERSION = YES_AGGRESSIVE;
				CLANG_CXX_LANGUAGE_STANDARD = "gnu++17";
				CLANG_ENABLE_MODULES = YES;
				CLANG_ENABLE_OBJC_ARC = YES;
				CLANG_ENABLE_OBJC_WEAK = YES;
				CLANG_WARN_BLOCK_CAPTURE_AUTORELEASING = YES;
				CLANG_WARN_BOOL_CONVERSION = YES;
				CLANG_WARN_COMMA = YES;
				CLANG_WARN_CONSTANT_CONVERSION = YES;
				CLANG_WARN_DEPRECATED_OBJC_IMPLEMENTATIONS = YES;
				CLANG_WARN_DIRECT_OBJC_ISA_USAGE = YES_ERROR;
				CLANG_WARN_DOCUMENTATION_COMMENTS = YES;
				CLANG_WARN_EMPTY_BODY = YES;
				CLANG_WARN_ENUM_CONVERSION = YES;
				CLANG_WARN_INFINITE_RECURSION = YES;
				CLANG_WARN_INT_CONVERSION = YES;
				CLANG_WARN_NON_LITERAL_NULL_CONVERSION = YES;
				CLANG_WARN_OBJC_IMPLICIT_RETAIN_SELF = YES;
				CLANG_WARN_OBJC_LITERAL_CONVERSION = YES;
				CLANG_WARN_OBJC_ROOT_CLASS = YES_ERROR;
				CLANG_WARN_QUOTED_INCLUDE_IN_FRAMEWORK_HEADER = YES;
				CLANG_WARN_RANGE_LOOP_ANALYSIS = YES;
				CLANG_WARN_STRICT_PROTOTYPES = YES;
				CLANG_WARN_SUSPICIOUS_MOVE = YES;
				CLANG_WARN_UNGUARDED_AVAILABILITY = YES_AGGRESSIVE;
				CLANG_WARN_UNREACHABLE_CODE = YES;
				CLANG_WARN__DUPLICATE_METHOD_MATCH = YES;
				COPY_PHASE_STRIP = NO;
				DEBUG_INFORMATION_FORMAT = "dwarf-with-dsym";
				ENABLE_NS_ASSERTIONS = NO;
				ENABLE_STRICT_OBJC_MSGSEND = YES;
				GCC_C_LANGUAGE_STANDARD = gnu11;
				GCC_NO_COMMON_BLOCKS = YES;
				GCC_WARN_64_TO_32_BIT_CONVERSION = YES;
				GCC_WARN_ABOUT_RETURN_TYPE = YES_ERROR;
				GCC_WARN_UNDECLARED_SELECTOR = YES;
				GCC_WARN_UNINITIALIZED_AUTOS = YES_AGGRESSIVE;
				GCC_WARN_UNUSED_FUNCTION = YES;
				GCC_WARN_UNUSED_VARIABLE = YES;
				IPHONEOS_DEPLOYMENT_TARGET = 15.5;
				MTL_ENABLE_DEBUG_INFO = NO;
				MTL_FAST_MATH = YES;
				SDKROOT = iphoneos;
				SWIFT_COMPILATION_MODE = wholemodule;
				SWIFT_OPTIMIZATION_LEVEL = "-O";
				VALIDATE_PRODUCT = YES;
			};
			name = Release;
		};
		046074AD28488F7C00D2AF54 /* Debug */ = {
			isa = XCBuildConfiguration;
			buildSettings = {
				ASSETCATALOG_COMPILER_APPICON_NAME = AppIcon;
				ASSETCATALOG_COMPILER_GLOBAL_ACCENT_COLOR_NAME = AccentColor;
				CLANG_ENABLE_MODULES = YES;
				CODE_SIGN_STYLE = Automatic;
				CURRENT_PROJECT_VERSION = 1;
				GENERATE_INFOPLIST_FILE = YES;
				INFOPLIST_FILE = "beldex-ios-wallet/Info.plist";
				INFOPLIST_KEY_UIApplicationSupportsIndirectInputEvents = YES;
				INFOPLIST_KEY_UILaunchStoryboardName = LaunchScreen;
				INFOPLIST_KEY_UIMainStoryboardFile = Main;
				INFOPLIST_KEY_UISupportedInterfaceOrientations_iPad = "UIInterfaceOrientationPortrait UIInterfaceOrientationPortraitUpsideDown UIInterfaceOrientationLandscapeLeft UIInterfaceOrientationLandscapeRight";
				INFOPLIST_KEY_UISupportedInterfaceOrientations_iPhone = "UIInterfaceOrientationPortrait UIInterfaceOrientationLandscapeLeft UIInterfaceOrientationLandscapeRight";
				LD_RUNPATH_SEARCH_PATHS = (
					"$(inherited)",
					"@executable_path/Frameworks",
				);
				LIBRARY_SEARCH_PATHS = (
					"$(inherited)",
					"$(PROJECT_DIR)/beldex-ios-wallet/Libs",
				);
				MARKETING_VERSION = 1.0;
				PRODUCT_BUNDLE_IDENTIFIER = "com.beldex.beldex-ios-wallet";
				PRODUCT_NAME = "$(TARGET_NAME)";
				SWIFT_EMIT_LOC_STRINGS = YES;
				SWIFT_OBJC_BRIDGING_HEADER = "beldex-ios-wallet/Libs/cppbridge/beldex-ios-wallet-Bridging-Header.h";
				SWIFT_OPTIMIZATION_LEVEL = "-Onone";
				SWIFT_VERSION = 5.0;
				TARGETED_DEVICE_FAMILY = "1,2";
			};
			name = Debug;
		};
		046074AE28488F7C00D2AF54 /* Release */ = {
			isa = XCBuildConfiguration;
			buildSettings = {
				ASSETCATALOG_COMPILER_APPICON_NAME = AppIcon;
				ASSETCATALOG_COMPILER_GLOBAL_ACCENT_COLOR_NAME = AccentColor;
				CLANG_ENABLE_MODULES = YES;
				CODE_SIGN_STYLE = Automatic;
				CURRENT_PROJECT_VERSION = 1;
				GENERATE_INFOPLIST_FILE = YES;
				INFOPLIST_FILE = "beldex-ios-wallet/Info.plist";
				INFOPLIST_KEY_UIApplicationSupportsIndirectInputEvents = YES;
				INFOPLIST_KEY_UILaunchStoryboardName = LaunchScreen;
				INFOPLIST_KEY_UIMainStoryboardFile = Main;
				INFOPLIST_KEY_UISupportedInterfaceOrientations_iPad = "UIInterfaceOrientationPortrait UIInterfaceOrientationPortraitUpsideDown UIInterfaceOrientationLandscapeLeft UIInterfaceOrientationLandscapeRight";
				INFOPLIST_KEY_UISupportedInterfaceOrientations_iPhone = "UIInterfaceOrientationPortrait UIInterfaceOrientationLandscapeLeft UIInterfaceOrientationLandscapeRight";
				LD_RUNPATH_SEARCH_PATHS = (
					"$(inherited)",
					"@executable_path/Frameworks",
				);
				LIBRARY_SEARCH_PATHS = (
					"$(inherited)",
					"$(PROJECT_DIR)/beldex-ios-wallet/Libs",
				);
				MARKETING_VERSION = 1.0;
				PRODUCT_BUNDLE_IDENTIFIER = "com.beldex.beldex-ios-wallet";
				PRODUCT_NAME = "$(TARGET_NAME)";
				SWIFT_EMIT_LOC_STRINGS = YES;
				SWIFT_OBJC_BRIDGING_HEADER = "beldex-ios-wallet/Libs/cppbridge/beldex-ios-wallet-Bridging-Header.h";
				SWIFT_VERSION = 5.0;
				TARGETED_DEVICE_FAMILY = "1,2";
			};
			name = Release;
		};
		046074B028488F7C00D2AF54 /* Debug */ = {
			isa = XCBuildConfiguration;
			buildSettings = {
				ALWAYS_EMBED_SWIFT_STANDARD_LIBRARIES = YES;
				BUNDLE_LOADER = "$(TEST_HOST)";
				CODE_SIGN_STYLE = Automatic;
				CURRENT_PROJECT_VERSION = 1;
				GENERATE_INFOPLIST_FILE = YES;
				IPHONEOS_DEPLOYMENT_TARGET = 15.5;
				MARKETING_VERSION = 1.0;
				PRODUCT_BUNDLE_IDENTIFIER = "com.beldex.beldex-ios-walletTests";
				PRODUCT_NAME = "$(TARGET_NAME)";
				SWIFT_EMIT_LOC_STRINGS = NO;
				SWIFT_VERSION = 5.0;
				TARGETED_DEVICE_FAMILY = "1,2";
				TEST_HOST = "$(BUILT_PRODUCTS_DIR)/beldex-ios-wallet.app/beldex-ios-wallet";
			};
			name = Debug;
		};
		046074B128488F7C00D2AF54 /* Release */ = {
			isa = XCBuildConfiguration;
			buildSettings = {
				ALWAYS_EMBED_SWIFT_STANDARD_LIBRARIES = YES;
				BUNDLE_LOADER = "$(TEST_HOST)";
				CODE_SIGN_STYLE = Automatic;
				CURRENT_PROJECT_VERSION = 1;
				GENERATE_INFOPLIST_FILE = YES;
				IPHONEOS_DEPLOYMENT_TARGET = 15.5;
				MARKETING_VERSION = 1.0;
				PRODUCT_BUNDLE_IDENTIFIER = "com.beldex.beldex-ios-walletTests";
				PRODUCT_NAME = "$(TARGET_NAME)";
				SWIFT_EMIT_LOC_STRINGS = NO;
				SWIFT_VERSION = 5.0;
				TARGETED_DEVICE_FAMILY = "1,2";
				TEST_HOST = "$(BUILT_PRODUCTS_DIR)/beldex-ios-wallet.app/beldex-ios-wallet";
			};
			name = Release;
		};
		046074B328488F7C00D2AF54 /* Debug */ = {
			isa = XCBuildConfiguration;
			buildSettings = {
				ALWAYS_EMBED_SWIFT_STANDARD_LIBRARIES = YES;
				CODE_SIGN_STYLE = Automatic;
				CURRENT_PROJECT_VERSION = 1;
				GENERATE_INFOPLIST_FILE = YES;
				MARKETING_VERSION = 1.0;
				PRODUCT_BUNDLE_IDENTIFIER = "com.beldex.beldex-ios-walletUITests";
				PRODUCT_NAME = "$(TARGET_NAME)";
				SWIFT_EMIT_LOC_STRINGS = NO;
				SWIFT_VERSION = 5.0;
				TARGETED_DEVICE_FAMILY = "1,2";
				TEST_TARGET_NAME = "beldex-ios-wallet";
			};
			name = Debug;
		};
		046074B428488F7C00D2AF54 /* Release */ = {
			isa = XCBuildConfiguration;
			buildSettings = {
				ALWAYS_EMBED_SWIFT_STANDARD_LIBRARIES = YES;
				CODE_SIGN_STYLE = Automatic;
				CURRENT_PROJECT_VERSION = 1;
				GENERATE_INFOPLIST_FILE = YES;
				MARKETING_VERSION = 1.0;
				PRODUCT_BUNDLE_IDENTIFIER = "com.beldex.beldex-ios-walletUITests";
				PRODUCT_NAME = "$(TARGET_NAME)";
				SWIFT_EMIT_LOC_STRINGS = NO;
				SWIFT_VERSION = 5.0;
				TARGETED_DEVICE_FAMILY = "1,2";
				TEST_TARGET_NAME = "beldex-ios-wallet";
			};
			name = Release;
		};
/* End XCBuildConfiguration section */

/* Begin XCConfigurationList section */
		0460747D28488F7A00D2AF54 /* Build configuration list for PBXProject "beldex-ios-wallet" */ = {
			isa = XCConfigurationList;
			buildConfigurations = (
				046074AA28488F7C00D2AF54 /* Debug */,
				046074AB28488F7C00D2AF54 /* Release */,
			);
			defaultConfigurationIsVisible = 0;
			defaultConfigurationName = Release;
		};
		046074AC28488F7C00D2AF54 /* Build configuration list for PBXNativeTarget "beldex-ios-wallet" */ = {
			isa = XCConfigurationList;
			buildConfigurations = (
				046074AD28488F7C00D2AF54 /* Debug */,
				046074AE28488F7C00D2AF54 /* Release */,
			);
			defaultConfigurationIsVisible = 0;
			defaultConfigurationName = Release;
		};
		046074AF28488F7C00D2AF54 /* Build configuration list for PBXNativeTarget "beldex-ios-walletTests" */ = {
			isa = XCConfigurationList;
			buildConfigurations = (
				046074B028488F7C00D2AF54 /* Debug */,
				046074B128488F7C00D2AF54 /* Release */,
			);
			defaultConfigurationIsVisible = 0;
			defaultConfigurationName = Release;
		};
		046074B228488F7C00D2AF54 /* Build configuration list for PBXNativeTarget "beldex-ios-walletUITests" */ = {
			isa = XCConfigurationList;
			buildConfigurations = (
				046074B328488F7C00D2AF54 /* Debug */,
				046074B428488F7C00D2AF54 /* Release */,
			);
			defaultConfigurationIsVisible = 0;
			defaultConfigurationName = Release;
		};
/* End XCConfigurationList section */
	};
	rootObject = 0460747A28488F7A00D2AF54 /* Project object */;
}
